
Microsoft Visual Studio Solution File, Format Version 12.00
# Visual Studio Version 17
VisualStudioVersion = 17.3.32804.467
MinimumVisualStudioVersion = 10.0.40219.1
Project("{FAE04EC0-301F-11D3-BF4B-00C04F79EFBC}") = "YoutubeModel", "YoutubeModel\YoutubeModel.csproj", "{1267232A-0664-48A2-9BC7-504E6F96E8DD}"
EndProject
Global
	GlobalSection(SolutionConfigurationPlatforms) = preSolution
		Debug|Any CPU = Debug|Any CPU
		Release|Any CPU = Release|Any CPU
	EndGlobalSection
	GlobalSection(ProjectConfigurationPlatforms) = postSolution
		{1267232A-0664-48A2-9BC7-504E6F96E8DD}.Debug|Any CPU.ActiveCfg = Debug|Any CPU
		{1267232A-0664-48A2-9BC7-504E6F96E8DD}.Debug|Any CPU.Build.0 = Debug|Any CPU
		{1267232A-0664-48A2-9BC7-504E6F96E8DD}.Release|Any CPU.ActiveCfg = Release|Any CPU
		{1267232A-0664-48A2-9BC7-504E6F96E8DD}.Release|Any CPU.Build.0 = Release|Any CPU
	EndGlobalSection
	GlobalSection(SolutionProperties) = preSolution
		HideSolutionNode = FALSE
	EndGlobalSection
	GlobalSection(ExtensibilityGlobals) = postSolution
		SolutionGuid = {A3058FD6-D41D-4BA1-8872-346E8272FE8A}
	EndGlobalSection
EndGlobal
